
Microsoft Visual Studio Solution File, Format Version 12.00
# Visual Studio Version 17
VisualStudioVersion = 17.5.002.0
MinimumVisualStudioVersion = 10.0.40219.1
Project("{2150E333-8FDC-42A3-9474-1A3956D46DE8}") = "ATIVIDADE XUNIT", "ATIVIDADE XUNIT", "{81DA86B0-3531-4B24-9E47-B59A18E6BB40}"
EndProject
Project("{9A19103F-16F7-4668-BE54-9A1E7A4F7556}") = "atividade_imc_xunit", "ATIVIDADE XUNIT\atividade_imc_xunit\atividade_imc_xunit.csproj", "{DB5AAC8E-72E7-423E-99A9-70842BAB475F}"
EndProject
Global
	GlobalSection(SolutionConfigurationPlatforms) = preSolution
		Debug|Any CPU = Debug|Any CPU
		Release|Any CPU = Release|Any CPU
	EndGlobalSection
	GlobalSection(ProjectConfigurationPlatforms) = postSolution
		{DB5AAC8E-72E7-423E-99A9-70842BAB475F}.Debug|Any CPU.ActiveCfg = Debug|Any CPU
		{DB5AAC8E-72E7-423E-99A9-70842BAB475F}.Debug|Any CPU.Build.0 = Debug|Any CPU
		{DB5AAC8E-72E7-423E-99A9-70842BAB475F}.Release|Any CPU.ActiveCfg = Release|Any CPU
		{DB5AAC8E-72E7-423E-99A9-70842BAB475F}.Release|Any CPU.Build.0 = Release|Any CPU
	EndGlobalSection
	GlobalSection(SolutionProperties) = preSolution
		HideSolutionNode = FALSE
	EndGlobalSection
	GlobalSection(NestedProjects) = preSolution
		{DB5AAC8E-72E7-423E-99A9-70842BAB475F} = {81DA86B0-3531-4B24-9E47-B59A18E6BB40}
	EndGlobalSection
	GlobalSection(ExtensibilityGlobals) = postSolution
		SolutionGuid = {6053ABCF-A1E3-4A69-BE55-D9EB0C1DA8B5}
	EndGlobalSection
EndGlobal
